// !$*UTF8*$!
{
	archiveVersion = 1;
	classes = {
	};
	objectVersion = 50;
	objects = {

/* Begin PBXBuildFile section */
		EEDBD5C22170D4C10012D3DC /* AppDelegate.swift in Sources */ = {isa = PBXBuildFile; fileRef = EEDBD5C12170D4C10012D3DC /* AppDelegate.swift */; };
		EEDBD5C42170D4C10012D3DC /* ViewController.swift in Sources */ = {isa = PBXBuildFile; fileRef = EEDBD5C32170D4C10012D3DC /* ViewController.swift */; };
		EEDBD5C72170D4C10012D3DC /* Main.storyboard in Resources */ = {isa = PBXBuildFile; fileRef = EEDBD5C52170D4C10012D3DC /* Main.storyboard */; };
		EEDBD5C92170D4C40012D3DC /* Assets.xcassets in Resources */ = {isa = PBXBuildFile; fileRef = EEDBD5C82170D4C40012D3DC /* Assets.xcassets */; };
		EEDBD5CC2170D4C40012D3DC /* LaunchScreen.storyboard in Resources */ = {isa = PBXBuildFile; fileRef = EEDBD5CA2170D4C40012D3DC /* LaunchScreen.storyboard */; };
		EEDBD5DB2176E73D0012D3DC /* note5.wav in Resources */ = {isa = PBXBuildFile; fileRef = EEDBD5D42176E73D0012D3DC /* note5.wav */; };
		EEDBD5DC2176E73D0012D3DC /* note4.wav in Resources */ = {isa = PBXBuildFile; fileRef = EEDBD5D52176E73D0012D3DC /* note4.wav */; };
		EEDBD5DD2176E73D0012D3DC /* note7.wav in Resources */ = {isa = PBXBuildFile; fileRef = EEDBD5D62176E73D0012D3DC /* note7.wav */; };
		EEDBD5DE2176E73D0012D3DC /* note3.wav in Resources */ = {isa = PBXBuildFile; fileRef = EEDBD5D72176E73D0012D3DC /* note3.wav */; };
		EEDBD5DF2176E73D0012D3DC /* note6.wav in Resources */ = {isa = PBXBuildFile; fileRef = EEDBD5D82176E73D0012D3DC /* note6.wav */; };
		EEDBD5E02176E73D0012D3DC /* note1.wav in Resources */ = {isa = PBXBuildFile; fileRef = EEDBD5D92176E73D0012D3DC /* note1.wav */; };
		EEDBD5E12176E73D0012D3DC /* note2.wav in Resources */ = {isa = PBXBuildFile; fileRef = EEDBD5DA2176E73D0012D3DC /* note2.wav */; };
/* End PBXBuildFile section */

/* Begin PBXFileReference section */
		EEDBD5BE2170D4C10012D3DC /* Xylophone.app */ = {isa = PBXFileReference; explicitFileType = wrapper.application; includeInIndex = 0; path = Xylophone.app; sourceTree = BUILT_PRODUCTS_DIR; };
		EEDBD5C12170D4C10012D3DC /* AppDelegate.swift */ = {isa = PBXFileReference; lastKnownFileType = sourcecode.swift; path = AppDelegate.swift; sourceTree = "<group>"; };
		EEDBD5C32170D4C10012D3DC /* ViewController.swift */ = {isa = PBXFileReference; lastKnownFileType = sourcecode.swift; path = ViewController.swift; sourceTree = "<group>"; };
		EEDBD5C62170D4C10012D3DC /* Base */ = {isa = PBXFileReference; lastKnownFileType = file.storyboard; name = Base; path = Base.lproj/Main.storyboard; sourceTree = "<group>"; };
		EEDBD5C82170D4C40012D3DC /* Assets.xcassets */ = {isa = PBXFileReference; lastKnownFileType = folder.assetcatalog; path = Assets.xcassets; sourceTree = "<group>"; };
		EEDBD5CB2170D4C40012D3DC /* Base */ = {isa = PBXFileReference; lastKnownFileType = file.storyboard; name = Base; path = Base.lproj/LaunchScreen.storyboard; sourceTree = "<group>"; };
		EEDBD5CD2170D4C40012D3DC /* Info.plist */ = {isa = PBXFileReference; lastKnownFileType = text.plist.xml; path = Info.plist; sourceTree = "<group>"; };
		EEDBD5D42176E73D0012D3DC /* note5.wav */ = {isa = PBXFileReference; lastKnownFileType = audio.wav; name = note5.wav; path = Xylophone/note5.wav; sourceTree = SOURCE_ROOT; };
		EEDBD5D52176E73D0012D3DC /* note4.wav */ = {isa = PBXFileReference; lastKnownFileType = audio.wav; name = note4.wav; path = Xylophone/note4.wav; sourceTree = SOURCE_ROOT; };
		EEDBD5D62176E73D0012D3DC /* note7.wav */ = {isa = PBXFileReference; lastKnownFileType = audio.wav; name = note7.wav; path = Xylophone/note7.wav; sourceTree = SOURCE_ROOT; };
		EEDBD5D72176E73D0012D3DC /* note3.wav */ = {isa = PBXFileReference; lastKnownFileType = audio.wav; name = note3.wav; path = Xylophone/note3.wav; sourceTree = SOURCE_ROOT; };
		EEDBD5D82176E73D0012D3DC /* note6.wav */ = {isa = PBXFileReference; lastKnownFileType = audio.wav; name = note6.wav; path = Xylophone/note6.wav; sourceTree = SOURCE_ROOT; };
		EEDBD5D92176E73D0012D3DC /* note1.wav */ = {isa = PBXFileReference; lastKnownFileType = audio.wav; name = note1.wav; path = Xylophone/note1.wav; sourceTree = SOURCE_ROOT; };
		EEDBD5DA2176E73D0012D3DC /* note2.wav */ = {isa = PBXFileReference; lastKnownFileType = audio.wav; name = note2.wav; path = Xylophone/note2.wav; sourceTree = SOURCE_ROOT; };
/* End PBXFileReference section */

/* Begin PBXFrameworksBuildPhase section */
		EEDBD5BB2170D4C10012D3DC /* Frameworks */ = {
			isa = PBXFrameworksBuildPhase;
			buildActionMask = 2147483647;
			files = (
			);
			runOnlyForDeploymentPostprocessing = 0;
		};
/* End PBXFrameworksBuildPhase section */

/* Begin PBXGroup section */
		EEDBD5B52170D4C10012D3DC = {
			isa = PBXGroup;
			children = (
				EEDBD5C02170D4C10012D3DC /* Xylophone */,
				EEDBD5BF2170D4C10012D3DC /* Products */,
			);
			sourceTree = "<group>";
		};
		EEDBD5BF2170D4C10012D3DC /* Products */ = {
			isa = PBXGroup;
			children = (
				EEDBD5BE2170D4C10012D3DC /* Xylophone.app */,
			);
			name = Products;
			sourceTree = "<group>";
		};
		EEDBD5C02170D4C10012D3DC /* Xylophone */ = {
			isa = PBXGroup;
			children = (
				EEDBD5C12170D4C10012D3DC /* AppDelegate.swift */,
				EEDBD5C32170D4C10012D3DC /* ViewController.swift */,
				EEDBD5C52170D4C10012D3DC /* Main.storyboard */,
				EEDBD5C82170D4C40012D3DC /* Assets.xcassets */,
				EEDBD5CA2170D4C40012D3DC /* LaunchScreen.storyboard */,
				EEDBD5CD2170D4C40012D3DC /* Info.plist */,
				EEDBD5D32176E6F20012D3DC /* Sound Files */,
			);
			path = Xylophone;
			sourceTree = "<group>";
		};
		EEDBD5D32176E6F20012D3DC /* Sound Files */ = {
			isa = PBXGroup;
			children = (
				EEDBD5D92176E73D0012D3DC /* note1.wav */,
				EEDBD5DA2176E73D0012D3DC /* note2.wav */,
				EEDBD5D72176E73D0012D3DC /* note3.wav */,
				EEDBD5D52176E73D0012D3DC /* note4.wav */,
				EEDBD5D42176E73D0012D3DC /* note5.wav */,
				EEDBD5D82176E73D0012D3DC /* note6.wav */,
				EEDBD5D62176E73D0012D3DC /* note7.wav */,
			);
			path = "Sound Files";
			sourceTree = "<group>";
		};
/* End PBXGroup section */

/* Begin PBXNativeTarget section */
		EEDBD5BD2170D4C10012D3DC /* Xylophone */ = {
			isa = PBXNativeTarget;
			buildConfigurationList = EEDBD5D02170D4C40012D3DC /* Build configuration list for PBXNativeTarget "Xylophone" */;
			buildPhases = (
				EEDBD5BA2170D4C10012D3DC /* Sources */,
				EEDBD5BB2170D4C10012D3DC /* Frameworks */,
				EEDBD5BC2170D4C10012D3DC /* Resources */,
			);
			buildRules = (
			);
			dependencies = (
			);
			name = Xylophone;
			productName = Xylophone;
			productReference = EEDBD5BE2170D4C10012D3DC /* Xylophone.app */;
			productType = "com.apple.product-type.application";
		};
/* End PBXNativeTarget section */

/* Begin PBXProject section */
		EEDBD5B62170D4C10012D3DC /* Project object */ = {
			isa = PBXProject;
			attributes = {
				LastSwiftUpdateCheck = 1000;
				LastUpgradeCheck = 1000;
				ORGANIZATIONNAME = "Matthew Tripodi";
				TargetAttributes = {
					EEDBD5BD2170D4C10012D3DC = {
						CreatedOnToolsVersion = 10.0;
					};
				};
			};
			buildConfigurationList = EEDBD5B92170D4C10012D3DC /* Build configuration list for PBXProject "Xylophone" */;
			compatibilityVersion = "Xcode 9.3";
			developmentRegion = en;
			hasScannedForEncodings = 0;
			knownRegions = (
				en,
				Base,
			);
			mainGroup = EEDBD5B52170D4C10012D3DC;
			productRefGroup = EEDBD5BF2170D4C10012D3DC /* Products */;
			projectDirPath = "";
			projectRoot = "";
			targets = (
				EEDBD5BD2170D4C10012D3DC /* Xylophone */,
			);
		};
/* End PBXProject section */

/* Begin PBXResourcesBuildPhase section */
		EEDBD5BC2170D4C10012D3DC /* Resources */ = {
			isa = PBXResourcesBuildPhase;
			buildActionMask = 2147483647;
			files = (
				EEDBD5E02176E73D0012D3DC /* note1.wav in Resources */,
				EEDBD5E12176E73D0012D3DC /* note2.wav in Resources */,
				EEDBD5DD2176E73D0012D3DC /* note7.wav in Resources */,
				EEDBD5DF2176E73D0012D3DC /* note6.wav in Resources */,
				EEDBD5DB2176E73D0012D3DC /* note5.wav in Resources */,
				EEDBD5CC2170D4C40012D3DC /* LaunchScreen.storyboard in Resources */,
				EEDBD5DC2176E73D0012D3DC /* note4.wav in Resources */,
				EEDBD5C92170D4C40012D3DC /* Assets.xcassets in Resources */,
				EEDBD5DE2176E73D0012D3DC /* note3.wav in Resources */,
				EEDBD5C72170D4C10012D3DC /* Main.storyboard in Resources */,
			);
			runOnlyForDeploymentPostprocessing = 0;
		};
/* End PBXResourcesBuildPhase section */

/* Begin PBXSourcesBuildPhase section */
		EEDBD5BA2170D4C10012D3DC /* Sources */ = {
			isa = PBXSourcesBuildPhase;
			buildActionMask = 2147483647;
			files = (
				EEDBD5C42170D4C10012D3DC /* ViewController.swift in Sources */,
				EEDBD5C22170D4C10012D3DC /* AppDelegate.swift in Sources */,
			);
			runOnlyForDeploymentPostprocessing = 0;
		};
/* End PBXSourcesBuildPhase section */

/* Begin PBXVariantGroup section */
		EEDBD5C52170D4C10012D3DC /* Main.storyboard */ = {
			isa = PBXVariantGroup;
			children = (
				EEDBD5C62170D4C10012D3DC /* Base */,
			);
			name = Main.storyboard;
			sourceTree = "<group>";
		};
		EEDBD5CA2170D4C40012D3DC /* LaunchScreen.storyboard */ = {
			isa = PBXVariantGroup;
			children = (
				EEDBD5CB2170D4C40012D3DC /* Base */,
			);
			name = LaunchScreen.storyboard;
			sourceTree = "<group>";
		};
/* End PBXVariantGroup section */

/* Begin XCBuildConfiguration section */
		EEDBD5CE2170D4C40012D3DC /* Debug */ = {
			isa = XCBuildConfiguration;
			buildSettings = {
				ALWAYS_SEARCH_USER_PATHS = NO;
				CLANG_ANALYZER_NONNULL = YES;
				CLANG_ANALYZER_NUMBER_OBJECT_CONVERSION = YES_AGGRESSIVE;
				CLANG_CXX_LANGUAGE_STANDARD = "gnu++14";
				CLANG_CXX_LIBRARY = "libc++";
				CLANG_ENABLE_MODULES = YES;
				CLANG_ENABLE_OBJC_ARC = YES;
				CLANG_ENABLE_OBJC_WEAK = YES;
				CLANG_WARN_BLOCK_CAPTURE_AUTORELEASING = YES;
				CLANG_WARN_BOOL_CONVERSION = YES;
				CLANG_WARN_COMMA = YES;
				CLANG_WARN_CONSTANT_CONVERSION = YES;
				CLANG_WARN_DEPRECATED_OBJC_IMPLEMENTATIONS = YES;
				CLANG_WARN_DIRECT_OBJC_ISA_USAGE = YES_ERROR;
				CLANG_WARN_DOCUMENTATION_COMMENTS = YES;
				CLANG_WARN_EMPTY_BODY = YES;
				CLANG_WARN_ENUM_CONVERSION = YES;
				CLANG_WARN_INFINITE_RECURSION = YES;
				CLANG_WARN_INT_CONVERSION = YES;
				CLANG_WARN_NON_LITERAL_NULL_CONVERSION = YES;
				CLANG_WARN_OBJC_IMPLICIT_RETAIN_SELF = YES;
				CLANG_WARN_OBJC_LITERAL_CONVERSION = YES;
				CLANG_WARN_OBJC_ROOT_CLASS = YES_ERROR;
				CLANG_WARN_RANGE_LOOP_ANALYSIS = YES;
				CLANG_WARN_STRICT_PROTOTYPES = YES;
				CLANG_WARN_SUSPICIOUS_MOVE = YES;
				CLANG_WARN_UNGUARDED_AVAILABILITY = YES_AGGRESSIVE;
				CLANG_WARN_UNREACHABLE_CODE = YES;
				CLANG_WARN__DUPLICATE_METHOD_MATCH = YES;
				CODE_SIGN_IDENTITY = "iPhone Developer";
				COPY_PHASE_STRIP = NO;
				DEBUG_INFORMATION_FORMAT = dwarf;
				ENABLE_STRICT_OBJC_MSGSEND = YES;
				ENABLE_TESTABILITY = YES;
				GCC_C_LANGUAGE_STANDARD = gnu11;
				GCC_DYNAMIC_NO_PIC = NO;
				GCC_NO_COMMON_BLOCKS = YES;
				GCC_OPTIMIZATION_LEVEL = 0;
				GCC_PREPROCESSOR_DEFINITIONS = (
					"DEBUG=1",
					"$(inherited)",
				);
				GCC_WARN_64_TO_32_BIT_CONVERSION = YES;
				GCC_WARN_ABOUT_RETURN_TYPE = YES_ERROR;
				GCC_WARN_UNDECLARED_SELECTOR = YES;
				GCC_WARN_UNINITIALIZED_AUTOS = YES_AGGRESSIVE;
				GCC_WARN_UNUSED_FUNCTION = YES;
				GCC_WARN_UNUSED_VARIABLE = YES;
				IPHONEOS_DEPLOYMENT_TARGET = 12.0;
				MTL_ENABLE_DEBUG_INFO = INCLUDE_SOURCE;
				MTL_FAST_MATH = YES;
				ONLY_ACTIVE_ARCH = YES;
				SDKROOT = iphoneos;
				SWIFT_ACTIVE_COMPILATION_CONDITIONS = DEBUG;
				SWIFT_OPTIMIZATION_LEVEL = "-Onone";
			};
			name = Debug;
		};
		EEDBD5CF2170D4C40012D3DC /* Release */ = {
			isa = XCBuildConfiguration;
			buildSettings = {
				ALWAYS_SEARCH_USER_PATHS = NO;
				CLANG_ANALYZER_NONNULL = YES;
				CLANG_ANALYZER_NUMBER_OBJECT_CONVERSION = YES_AGGRESSIVE;
				CLANG_CXX_LANGUAGE_STANDARD = "gnu++14";
				CLANG_CXX_LIBRARY = "libc++";
				CLANG_ENABLE_MODULES = YES;
				CLANG_ENABLE_OBJC_ARC = YES;
				CLANG_ENABLE_OBJC_WEAK = YES;
				CLANG_WARN_BLOCK_CAPTURE_AUTORELEASING = YES;
				CLANG_WARN_BOOL_CONVERSION = YES;
				CLANG_WARN_COMMA = YES;
				CLANG_WARN_CONSTANT_CONVERSION = YES;
				CLANG_WARN_DEPRECATED_OBJC_IMPLEMENTATIONS = YES;
				CLANG_WARN_DIRECT_OBJC_ISA_USAGE = YES_ERROR;
				CLANG_WARN_DOCUMENTATION_COMMENTS = YES;
				CLANG_WARN_EMPTY_BODY = YES;
				CLANG_WARN_ENUM_CONVERSION = YES;
				CLANG_WARN_INFINITE_RECURSION = YES;
				CLANG_WARN_INT_CONVERSION = YES;
				CLANG_WARN_NON_LITERAL_NULL_CONVERSION = YES;
				CLANG_WARN_OBJC_IMPLICIT_RETAIN_SELF = YES;
				CLANG_WARN_OBJC_LITERAL_CONVERSION = YES;
				CLANG_WARN_OBJC_ROOT_CLASS = YES_ERROR;
				CLANG_WARN_RANGE_LOOP_ANALYSIS = YES;
				CLANG_WARN_STRICT_PROTOTYPES = YES;
				CLANG_WARN_SUSPICIOUS_MOVE = YES;
				CLANG_WARN_UNGUARDED_AVAILABILITY = YES_AGGRESSIVE;
				CLANG_WARN_UNREACHABLE_CODE = YES;
				CLANG_WARN__DUPLICATE_METHOD_MATCH = YES;
				CODE_SIGN_IDENTITY = "iPhone Developer";
				COPY_PHASE_STRIP = NO;
				DEBUG_INFORMATION_FORMAT = "dwarf-with-dsym";
				ENABLE_NS_ASSERTIONS = NO;
				ENABLE_STRICT_OBJC_MSGSEND = YES;
				GCC_C_LANGUAGE_STANDARD = gnu11;
				GCC_NO_COMMON_BLOCKS = YES;
				GCC_WARN_64_TO_32_BIT_CONVERSION = YES;
				GCC_WARN_ABOUT_RETURN_TYPE = YES_ERROR;
				GCC_WARN_UNDECLARED_SELECTOR = YES;
				GCC_WARN_UNINITIALIZED_AUTOS = YES_AGGRESSIVE;
				GCC_WARN_UNUSED_FUNCTION = YES;
				GCC_WARN_UNUSED_VARIABLE = YES;
				IPHONEOS_DEPLOYMENT_TARGET = 12.0;
				MTL_ENABLE_DEBUG_INFO = NO;
				MTL_FAST_MATH = YES;
				SDKROOT = iphoneos;
				SWIFT_COMPILATION_MODE = wholemodule;
				SWIFT_OPTIMIZATION_LEVEL = "-O";
				VALIDATE_PRODUCT = YES;
			};
			name = Release;
		};
		EEDBD5D12170D4C40012D3DC /* Debug */ = {
			isa = XCBuildConfiguration;
			buildSettings = {
				ASSETCATALOG_COMPILER_APPICON_NAME = AppIcon;
				CODE_SIGN_STYLE = Automatic;
				DEVELOPMENT_TEAM = J5P95JSAVD;
				INFOPLIST_FILE = Xylophone/Info.plist;
				LD_RUNPATH_SEARCH_PATHS = (
					"$(inherited)",
					"@executable_path/Frameworks",
				);
				PRODUCT_BUNDLE_IDENTIFIER = com.matthewtripodi.Xylophone;
				PRODUCT_NAME = "$(TARGET_NAME)";
				SWIFT_VERSION = 4.2;
				TARGETED_DEVICE_FAMILY = "1,2";
			};
			name = Debug;
		};
		EEDBD5D22170D4C40012D3DC /* Release */ = {
			isa = XCBuildConfiguration;
			buildSettings = {
				ASSETCATALOG_COMPILER_APPICON_NAME = AppIcon;
				CODE_SIGN_STYLE = Automatic;
				DEVELOPMENT_TEAM = J5P95JSAVD;
				INFOPLIST_FILE = Xylophone/Info.plist;
				LD_RUNPATH_SEARCH_PATHS = (
					"$(inherited)",
					"@executable_path/Frameworks",
				);
				PRODUCT_BUNDLE_IDENTIFIER = com.matthewtripodi.Xylophone;
				PRODUCT_NAME = "$(TARGET_NAME)";
				SWIFT_VERSION = 4.2;
				TARGETED_DEVICE_FAMILY = "1,2";
			};
			name = Release;
		};
/* End XCBuildConfiguration section */

/* Begin XCConfigurationList section */
		EEDBD5B92170D4C10012D3DC /* Build configuration list for PBXProject "Xylophone" */ = {
			isa = XCConfigurationList;
			buildConfigurations = (
				EEDBD5CE2170D4C40012D3DC /* Debug */,
				EEDBD5CF2170D4C40012D3DC /* Release */,
			);
			defaultConfigurationIsVisible = 0;
			defaultConfigurationName = Release;
		};
		EEDBD5D02170D4C40012D3DC /* Build configuration list for PBXNativeTarget "Xylophone" */ = {
			isa = XCConfigurationList;
			buildConfigurations = (
				EEDBD5D12170D4C40012D3DC /* Debug */,
				EEDBD5D22170D4C40012D3DC /* Release */,
			);
			defaultConfigurationIsVisible = 0;
			defaultConfigurationName = Release;
		};
/* End XCConfigurationList section */
	};
	rootObject = EEDBD5B62170D4C10012D3DC /* Project object */;
}
